
Microsoft Visual Studio Solution File, Format Version 12.00
# Visual Studio 15
VisualStudioVersion = 15.0.28307.421
MinimumVisualStudioVersion = 10.0.40219.1
Project("{FAE04EC0-301F-11D3-BF4B-00C04F79EFBC}") = "DV_Handlebars", "DV_Handlebars\DV_Handlebars.csproj", "{F77AC518-6300-4927-8775-B92CDF15CC8E}"
EndProject
Global
	GlobalSection(SolutionConfigurationPlatforms) = preSolution
		Debug|Any CPU = Debug|Any CPU
		Release|Any CPU = Release|Any CPU
	EndGlobalSection
	GlobalSection(ProjectConfigurationPlatforms) = postSolution
		{F77AC518-6300-4927-8775-B92CDF15CC8E}.Debug|Any CPU.ActiveCfg = Debug|Any CPU
		{F77AC518-6300-4927-8775-B92CDF15CC8E}.Debug|Any CPU.Build.0 = Debug|Any CPU
		{F77AC518-6300-4927-8775-B92CDF15CC8E}.Release|Any CPU.ActiveCfg = Release|Any CPU
		{F77AC518-6300-4927-8775-B92CDF15CC8E}.Release|Any CPU.Build.0 = Release|Any CPU
	EndGlobalSection
	GlobalSection(SolutionProperties) = preSolution
		HideSolutionNode = FALSE
	EndGlobalSection
	GlobalSection(ExtensibilityGlobals) = postSolution
		SolutionGuid = {EEADA979-944A-4C2A-978B-158352FE14C0}
	EndGlobalSection
EndGlobal
